
Microsoft Visual Studio Solution File, Format Version 12.00
# Visual Studio Version 16
VisualStudioVersion = 16.0.33423.256
MinimumVisualStudioVersion = 10.0.40219.1
Project("{9A19103F-16F7-4668-BE54-9A1E7A4F7556}") = "BadBroker.API", "BadBroker.API\BadBroker.API.csproj", "{824BEB32-C732-42F3-ACED-139339934F0A}"
EndProject
Project("{9A19103F-16F7-4668-BE54-9A1E7A4F7556}") = "BadBroker.DAL", "BadBroker.DAL\BadBroker.DAL.csproj", "{C6B8D05B-7562-4D0E-AB62-567166055EB7}"
EndProject
Project("{9A19103F-16F7-4668-BE54-9A1E7A4F7556}") = "BadBroker.Services", "BadBroker.Services\BadBroker.Services.csproj", "{7617FAB4-0AEA-44B1-BCA3-0DFF06731656}"
EndProject
Project("{9A19103F-16F7-4668-BE54-9A1E7A4F7556}") = "BadBroker.Shared", "BadBroker.Shared\BadBroker.Shared.csproj", "{067F542E-AA44-464A-B332-14896E00CFDF}"
EndProject
Project("{FAE04EC0-301F-11D3-BF4B-00C04F79EFBC}") = "BadBroker.API.Tests", "BadBroker.API.Tests\BadBroker.API.Tests.csproj", "{06A6F2B8-1B11-4E72-B06A-5F2DE2B65E0F}"
EndProject
Global
	GlobalSection(SolutionConfigurationPlatforms) = preSolution
		Debug|Any CPU = Debug|Any CPU
		Release|Any CPU = Release|Any CPU
	EndGlobalSection
	GlobalSection(ProjectConfigurationPlatforms) = postSolution
		{824BEB32-C732-42F3-ACED-139339934F0A}.Debug|Any CPU.ActiveCfg = Debug|Any CPU
		{824BEB32-C732-42F3-ACED-139339934F0A}.Debug|Any CPU.Build.0 = Debug|Any CPU
		{824BEB32-C732-42F3-ACED-139339934F0A}.Release|Any CPU.ActiveCfg = Release|Any CPU
		{824BEB32-C732-42F3-ACED-139339934F0A}.Release|Any CPU.Build.0 = Release|Any CPU
		{C6B8D05B-7562-4D0E-AB62-567166055EB7}.Debug|Any CPU.ActiveCfg = Debug|Any CPU
		{C6B8D05B-7562-4D0E-AB62-567166055EB7}.Debug|Any CPU.Build.0 = Debug|Any CPU
		{C6B8D05B-7562-4D0E-AB62-567166055EB7}.Release|Any CPU.ActiveCfg = Release|Any CPU
		{C6B8D05B-7562-4D0E-AB62-567166055EB7}.Release|Any CPU.Build.0 = Release|Any CPU
		{7617FAB4-0AEA-44B1-BCA3-0DFF06731656}.Debug|Any CPU.ActiveCfg = Debug|Any CPU
		{7617FAB4-0AEA-44B1-BCA3-0DFF06731656}.Debug|Any CPU.Build.0 = Debug|Any CPU
		{7617FAB4-0AEA-44B1-BCA3-0DFF06731656}.Release|Any CPU.ActiveCfg = Release|Any CPU
		{7617FAB4-0AEA-44B1-BCA3-0DFF06731656}.Release|Any CPU.Build.0 = Release|Any CPU
		{067F542E-AA44-464A-B332-14896E00CFDF}.Debug|Any CPU.ActiveCfg = Debug|Any CPU
		{067F542E-AA44-464A-B332-14896E00CFDF}.Debug|Any CPU.Build.0 = Debug|Any CPU
		{067F542E-AA44-464A-B332-14896E00CFDF}.Release|Any CPU.ActiveCfg = Release|Any CPU
		{067F542E-AA44-464A-B332-14896E00CFDF}.Release|Any CPU.Build.0 = Release|Any CPU
		{06A6F2B8-1B11-4E72-B06A-5F2DE2B65E0F}.Debug|Any CPU.ActiveCfg = Debug|Any CPU
		{06A6F2B8-1B11-4E72-B06A-5F2DE2B65E0F}.Debug|Any CPU.Build.0 = Debug|Any CPU
		{06A6F2B8-1B11-4E72-B06A-5F2DE2B65E0F}.Release|Any CPU.ActiveCfg = Release|Any CPU
		{06A6F2B8-1B11-4E72-B06A-5F2DE2B65E0F}.Release|Any CPU.Build.0 = Release|Any CPU
	EndGlobalSection
	GlobalSection(SolutionProperties) = preSolution
		HideSolutionNode = FALSE
	EndGlobalSection
	GlobalSection(ExtensibilityGlobals) = postSolution
		SolutionGuid = {A5979492-8759-42E5-B8BB-8DB13A146372}
	EndGlobalSection
EndGlobal
